# THIS IS AN AUTOGENERATED FILE. DO NOT EDIT THIS FILE DIRECTLY.
# yarn lockfile v1


"@babel/parser@^7.16.4":
  "integrity" "sha512-TYk3OA0HKL6qNryUayb5UUEhM/rkOQozIBEA5ITXh5DWrSp0TlUQXMyZmnWxG/DizSWBeeQ0Zbc5z8UGaaqoeg=="
  "resolved" "https://registry.npmjs.org/@babel/parser/-/parser-7.18.10.tgz"
  "version" "7.18.10"

"@lezer/common@^0.15.0", "@lezer/common@^0.15.7":
  "integrity" "sha512-edfwCxNLnzq5pBA/yaIhwJ3U3Kz8VAUOTRg0hhxaizaI1N+qxV7EXDv/kLCkLeq2RzSFvxexlaj5Mzfn2kY0Ig=="
  "resolved" "https://registry.npmjs.org/@lezer/common/-/common-0.15.12.tgz"
  "version" "0.15.12"

"@lezer/lr@^0.15.4":
  "integrity" "sha512-bM6oE6VQZ6hIFxDNKk8bKPa14hqFrV07J/vHGOeiAbJReIaQXmkVb6xQu4MR+JBTLa5arGRyAAjJe1qaQt3Uvg=="
  "resolved" "https://registry.npmjs.org/@lezer/lr/-/lr-0.15.8.tgz"
  "version" "0.15.8"
  dependencies:
    "@lezer/common" "^0.15.0"

"@lmdb/lmdb-linux-x64@2.5.2":
  "integrity" "sha512-xUdUfwDJLGjOUPH3BuPBt0NlIrR7f/QHKgu3GZIXswMMIihAekj2i97oI0iWG5Bok/b+OBjHPfa8IU9velnP/Q=="
  "resolved" "https://registry.npmjs.org/@lmdb/lmdb-linux-x64/-/lmdb-linux-x64-2.5.2.tgz"
  "version" "2.5.2"

"@mischnic/json-sourcemap@^0.1.0":
  "integrity" "sha512-dQb3QnfNqmQNYA4nFSN/uLaByIic58gOXq4Y4XqLOWmOrw73KmJPt/HLyG0wvn1bnR6mBKs/Uwvkh+Hns1T0XA=="
  "resolved" "https://registry.npmjs.org/@mischnic/json-sourcemap/-/json-sourcemap-0.1.0.tgz"
  "version" "0.1.0"
  dependencies:
    "@lezer/common" "^0.15.7"
    "@lezer/lr" "^0.15.4"
    "json5" "^2.2.1"

"@msgpackr-extract/msgpackr-extract-linux-x64@2.1.2":
  "integrity" "sha512-RjRoRxg7Q3kPAdUSC5EUUPlwfMkIVhmaRTIe+cqHbKrGZ4M6TyCA/b5qMaukQ/1CHWrqYY2FbKOAU8Hg0pQFzg=="
  "resolved" "https://registry.npmjs.org/@msgpackr-extract/msgpackr-extract-linux-x64/-/msgpackr-extract-linux-x64-2.1.2.tgz"
  "version" "2.1.2"

"@parcel/cache@2.6.2":
  "integrity" "sha512-hhJ6AsEGybeQZd9c/GYqfcKTgZKQXu3Xih6TlnP3gdR3KZoJOnb40ovHD1yYg4COvfcXThKP1cVJ18J6rcv3IA=="
  "resolved" "https://registry.npmjs.org/@parcel/cache/-/cache-2.6.2.tgz"
  "version" "2.6.2"
  dependencies:
    "@parcel/fs" "2.6.2"
    "@parcel/logger" "2.6.2"
    "@parcel/utils" "2.6.2"
    "lmdb" "2.5.2"

"@parcel/codeframe@2.6.2":
  "integrity" "sha512-oFlHr6HCaYYsB4SHkU+gn9DKtbzvv3/4NdwMX0/6NAKyYVI7inEsXyPGw2Bbd2ZCFatW9QJZUETF0etvh5AEfQ=="
  "resolved" "https://registry.npmjs.org/@parcel/codeframe/-/codeframe-2.6.2.tgz"
  "version" "2.6.2"
  dependencies:
    "chalk" "^4.1.0"

"@parcel/core@^2.6.2":
  "integrity" "sha512-JlKS3Ux0ngmdooSBbzQLShHJdsapF9E7TGMo1hFaHRquZip/DaqzvysYrgMJlDuCoLArciq5ei7ZKzGeK9zexA=="
  "resolved" "https://registry.npmjs.org/@parcel/core/-/core-2.6.2.tgz"
  "version" "2.6.2"
  dependencies:
    "@mischnic/json-sourcemap" "^0.1.0"
    "@parcel/cache" "2.6.2"
    "@parcel/diagnostic" "2.6.2"
    "@parcel/events" "2.6.2"
    "@parcel/fs" "2.6.2"
    "@parcel/graph" "2.6.2"
    "@parcel/hash" "2.6.2"
    "@parcel/logger" "2.6.2"
    "@parcel/package-manager" "2.6.2"
    "@parcel/plugin" "2.6.2"
    "@parcel/source-map" "^2.0.0"
    "@parcel/types" "2.6.2"
    "@parcel/utils" "2.6.2"
    "@parcel/workers" "2.6.2"
    "abortcontroller-polyfill" "^1.1.9"
    "base-x" "^3.0.8"
    "browserslist" "^4.6.6"
    "clone" "^2.1.1"
    "dotenv" "^7.0.0"
    "dotenv-expand" "^5.1.0"
    "json5" "^2.2.0"
    "msgpackr" "^1.5.4"
    "nullthrows" "^1.1.1"
    "semver" "^5.7.1"

"@parcel/diagnostic@2.6.2":
  "integrity" "sha512-3ODSBkKVihENU763z1/1DhGAWFhYWRxOCOShC72KXp+GFnSgGiBsxclu8NBa/N948Rzp8lqQI8U1nLcKkh0O/w=="
  "resolved" "https://registry.npmjs.org/@parcel/diagnostic/-/diagnostic-2.6.2.tgz"
  "version" "2.6.2"
  dependencies:
    "@mischnic/json-sourcemap" "^0.1.0"
    "nullthrows" "^1.1.1"

"@parcel/events@2.6.2":
  "integrity" "sha512-IaCjOeA5ercdFVi1EZOmUHhGfIysmCUgc2Th9hMugSFO0I3GzRsBcAdP6XPfWm+TV6sQ/qZRfdk/drUxoAupnw=="
  "resolved" "https://registry.npmjs.org/@parcel/events/-/events-2.6.2.tgz"
  "version" "2.6.2"

"@parcel/fs-search@2.6.2":
  "integrity" "sha512-4STid1zqtGnmGjHD/2TG2g/zPDiCTtE3IAS24QYH3eiUAz2uoKGgEqd2tZbZ2yI96jtCuIhC1bzVu8Hbykls7w=="
  "resolved" "https://registry.npmjs.org/@parcel/fs-search/-/fs-search-2.6.2.tgz"
  "version" "2.6.2"
  dependencies:
    "detect-libc" "^1.0.3"

"@parcel/fs@2.6.2":
  "integrity" "sha512-mIhqdF3tjgeoIGqW7Nc/xfM2ClID7o8livwUe5lpQEP+ZaIBiMigXs6ckv3WToCACK+3uylrSD2A/HmlhrxMqQ=="
  "resolved" "https://registry.npmjs.org/@parcel/fs/-/fs-2.6.2.tgz"
  "version" "2.6.2"
  dependencies:
    "@parcel/fs-search" "2.6.2"
    "@parcel/types" "2.6.2"
    "@parcel/utils" "2.6.2"
    "@parcel/watcher" "^2.0.0"
    "@parcel/workers" "2.6.2"

"@parcel/graph@2.6.2":
  "integrity" "sha512-DPH4G/RBFJWayIN2fnhDXqhUw75n7k15YsGzdDKiXuwwz4wMOjoL4cyrI6zOf1SIyh3guRmeTYJ4jjPzwrLYww=="
  "resolved" "https://registry.npmjs.org/@parcel/graph/-/graph-2.6.2.tgz"
  "version" "2.6.2"
  dependencies:
    "@parcel/utils" "2.6.2"
    "nullthrows" "^1.1.1"

"@parcel/hash@2.6.2":
  "integrity" "sha512-tFB+cJU1Wqag6WyJgsmx3nx+xhmjcNZqtWh/MtK1lHNnZdDRk6bjr7SapnygBwruz+SmSt5bbdVThcpk2dRCcA=="
  "resolved" "https://registry.npmjs.org/@parcel/hash/-/hash-2.6.2.tgz"
  "version" "2.6.2"
  dependencies:
    "detect-libc" "^1.0.3"
    "xxhash-wasm" "^0.4.2"

"@parcel/logger@2.6.2":
  "integrity" "sha512-Sz5YGCj1DbEiX0/G8Uw97LLZ0uEK+qtWcRAkHNpJpeMiSqDiRNevxXltz42EcLo+oCh4d4wyiVzwi9mNwzhS/Q=="
  "resolved" "https://registry.npmjs.org/@parcel/logger/-/logger-2.6.2.tgz"
  "version" "2.6.2"
  dependencies:
    "@parcel/diagnostic" "2.6.2"
    "@parcel/events" "2.6.2"

"@parcel/markdown-ansi@2.6.2":
  "integrity" "sha512-N/h9J4eibhc+B+krzvPMzFUWL37GudBIZBa7XSLkcuH6MnYYfh6rrMvhIyyESwk6VkcZNVzAeZrGQqxEs0dHDQ=="
  "resolved" "https://registry.npmjs.org/@parcel/markdown-ansi/-/markdown-ansi-2.6.2.tgz"
  "version" "2.6.2"
  dependencies:
    "chalk" "^4.1.0"

"@parcel/package-manager@2.6.2":
  "integrity" "sha512-xGMqTgnwTE3rgzYwUZMKxR8fzmP5iSYz/gj2H8FR3pEmwh/8xCMtNjTSth+hPVGuqgRZ6JxwpfdY/fXdZ61ViQ=="
  "resolved" "https://registry.npmjs.org/@parcel/package-manager/-/package-manager-2.6.2.tgz"
  "version" "2.6.2"
  dependencies:
    "@parcel/diagnostic" "2.6.2"
    "@parcel/fs" "2.6.2"
    "@parcel/logger" "2.6.2"
    "@parcel/types" "2.6.2"
    "@parcel/utils" "2.6.2"
    "@parcel/workers" "2.6.2"
    "semver" "^5.7.1"

"@parcel/plugin@2.6.2":
  "integrity" "sha512-wbbWsM23Pr+8xtLSvf+UopXdVYlpKCCx6PuuZaZcKo+9IcDCWoGXD4M8Kkz14qBmkFn5uM00mULUqmVdSibB2w=="
  "resolved" "https://registry.npmjs.org/@parcel/plugin/-/plugin-2.6.2.tgz"
  "version" "2.6.2"
  dependencies:
    "@parcel/types" "2.6.2"

"@parcel/source-map@^2.0.0":
  "integrity" "sha512-E7UOEIof2o89LrKk1agSLmwakjigmEdDp1ZaEdsLVEvq63R/bul4Ij5CT+0ZDcijGpl5tnTbQADY9EyYGtjYgQ=="
  "resolved" "https://registry.npmjs.org/@parcel/source-map/-/source-map-2.1.0.tgz"
  "version" "2.1.0"
  dependencies:
    "detect-libc" "^1.0.3"

"@parcel/transformer-vue@2.6.2":
  "integrity" "sha512-EP8FgCwcmk1VQtOqsK++a4Fl7UXeTLeZJjmlUr0WDR6zwN6avqFRLbiCCrKXcggxyiFeMsU5UOZG+MNXp+Ro8A=="
  "resolved" "https://registry.npmjs.org/@parcel/transformer-vue/-/transformer-vue-2.6.2.tgz"
  "version" "2.6.2"
  dependencies:
    "@parcel/diagnostic" "2.6.2"
    "@parcel/plugin" "2.6.2"
    "@parcel/source-map" "^2.0.0"
    "@parcel/utils" "2.6.2"
    "@vue/compiler-sfc" "^3.2.27"
    "consolidate" "^0.16.0"
    "nullthrows" "^1.1.1"
    "semver" "^5.7.1"

"@parcel/types@2.6.2":
  "integrity" "sha512-MV8BFpCIs2jMUvK2RHqzkoiuOQ//JIbrD1zocA2YRW3zuPL/iABvbAABJoXpoPCKikVWOoCWASgBfWQo26VvJQ=="
  "resolved" "https://registry.npmjs.org/@parcel/types/-/types-2.6.2.tgz"
  "version" "2.6.2"
  dependencies:
    "@parcel/cache" "2.6.2"
    "@parcel/diagnostic" "2.6.2"
    "@parcel/fs" "2.6.2"
    "@parcel/package-manager" "2.6.2"
    "@parcel/source-map" "^2.0.0"
    "@parcel/workers" "2.6.2"
    "utility-types" "^3.10.0"

"@parcel/utils@2.6.2":
  "integrity" "sha512-Ug7hpRxjgbY5AopW55nY7MmGMVmwmN+ihfCmxJkBUoESTG/3iq8uME7GjyOgW5DkQc2K7q62i8y8N0wCJT1u4Q=="
  "resolved" "https://registry.npmjs.org/@parcel/utils/-/utils-2.6.2.tgz"
  "version" "2.6.2"
  dependencies:
    "@parcel/codeframe" "2.6.2"
    "@parcel/diagnostic" "2.6.2"
    "@parcel/hash" "2.6.2"
    "@parcel/logger" "2.6.2"
    "@parcel/markdown-ansi" "2.6.2"
    "@parcel/source-map" "^2.0.0"
    "chalk" "^4.1.0"

"@parcel/watcher@^2.0.0":
  "integrity" "sha512-x0hUbjv891omnkcHD7ZOhiyyUqUUR6MNjq89JhEI3BxppeKWAm6NPQsqqRrAkCJBogdT/o/My21sXtTI9rJIsw=="
  "resolved" "https://registry.npmjs.org/@parcel/watcher/-/watcher-2.0.5.tgz"
  "version" "2.0.5"
  dependencies:
    "node-addon-api" "^3.2.1"
    "node-gyp-build" "^4.3.0"

"@parcel/workers@2.6.2":
  "integrity" "sha512-wBgUjJQm+lDd12fPRUmk09+ujTA9DgwPdqylSFK0OtI/yT6A+2kArUqjp8IwWo2tCJXoMzXBne2XQIWKqMiN4Q=="
  "resolved" "https://registry.npmjs.org/@parcel/workers/-/workers-2.6.2.tgz"
  "version" "2.6.2"
  dependencies:
    "@parcel/diagnostic" "2.6.2"
    "@parcel/logger" "2.6.2"
    "@parcel/types" "2.6.2"
    "@parcel/utils" "2.6.2"
    "chrome-trace-event" "^1.0.2"
    "nullthrows" "^1.1.1"

"@vue/compiler-core@3.2.37":
  "integrity" "sha512-81KhEjo7YAOh0vQJoSmAD68wLfYqJvoiD4ulyedzF+OEk/bk6/hx3fTNVfuzugIIaTrOx4PGx6pAiBRe5e9Zmg=="
  "resolved" "https://registry.npmjs.org/@vue/compiler-core/-/compiler-core-3.2.37.tgz"
  "version" "3.2.37"
  dependencies:
    "@babel/parser" "^7.16.4"
    "@vue/shared" "3.2.37"
    "estree-walker" "^2.0.2"
    "source-map" "^0.6.1"

"@vue/compiler-dom@3.2.37":
  "integrity" "sha512-yxJLH167fucHKxaqXpYk7x8z7mMEnXOw3G2q62FTkmsvNxu4FQSu5+3UMb+L7fjKa26DEzhrmCxAgFLLIzVfqQ=="
  "resolved" "https://registry.npmjs.org/@vue/compiler-dom/-/compiler-dom-3.2.37.tgz"
  "version" "3.2.37"
  dependencies:
    "@vue/compiler-core" "3.2.37"
    "@vue/shared" "3.2.37"

"@vue/compiler-sfc@^3.2.27", "@vue/compiler-sfc@3.2.37":
  "integrity" "sha512-+7i/2+9LYlpqDv+KTtWhOZH+pa8/HnX/905MdVmAcI/mPQOBwkHHIzrsEsucyOIZQYMkXUiTkmZq5am/NyXKkg=="
  "resolved" "https://registry.npmjs.org/@vue/compiler-sfc/-/compiler-sfc-3.2.37.tgz"
  "version" "3.2.37"
  dependencies:
    "@babel/parser" "^7.16.4"
    "@vue/compiler-core" "3.2.37"
    "@vue/compiler-dom" "3.2.37"
    "@vue/compiler-ssr" "3.2.37"
    "@vue/reactivity-transform" "3.2.37"
    "@vue/shared" "3.2.37"
    "estree-walker" "^2.0.2"
    "magic-string" "^0.25.7"
    "postcss" "^8.1.10"
    "source-map" "^0.6.1"

"@vue/compiler-ssr@3.2.37":
  "integrity" "sha512-7mQJD7HdXxQjktmsWp/J67lThEIcxLemz1Vb5I6rYJHR5vI+lON3nPGOH3ubmbvYGt8xEUaAr1j7/tIFWiEOqw=="
  "resolved" "https://registry.npmjs.org/@vue/compiler-ssr/-/compiler-ssr-3.2.37.tgz"
  "version" "3.2.37"
  dependencies:
    "@vue/compiler-dom" "3.2.37"
    "@vue/shared" "3.2.37"

"@vue/devtools-api@^6.1.4":
  "integrity" "sha512-OEgAMeQXvCoJ+1x8WyQuVZzFo0wcyCmUR3baRVLmKBo1LmYZWMlRiXlux5jd0fqVJu6PfDbOrZItVqUEzLobeQ=="
  "resolved" "https://registry.npmjs.org/@vue/devtools-api/-/devtools-api-6.2.1.tgz"
  "version" "6.2.1"

"@vue/reactivity-transform@3.2.37":
  "integrity" "sha512-IWopkKEb+8qpu/1eMKVeXrK0NLw9HicGviJzhJDEyfxTR9e1WtpnnbYkJWurX6WwoFP0sz10xQg8yL8lgskAZg=="
  "resolved" "https://registry.npmjs.org/@vue/reactivity-transform/-/reactivity-transform-3.2.37.tgz"
  "version" "3.2.37"
  dependencies:
    "@babel/parser" "^7.16.4"
    "@vue/compiler-core" "3.2.37"
    "@vue/shared" "3.2.37"
    "estree-walker" "^2.0.2"
    "magic-string" "^0.25.7"

"@vue/reactivity@3.2.37":
  "integrity" "sha512-/7WRafBOshOc6m3F7plwzPeCu/RCVv9uMpOwa/5PiY1Zz+WLVRWiy0MYKwmg19KBdGtFWsmZ4cD+LOdVPcs52A=="
  "resolved" "https://registry.npmjs.org/@vue/reactivity/-/reactivity-3.2.37.tgz"
  "version" "3.2.37"
  dependencies:
    "@vue/shared" "3.2.37"

"@vue/runtime-core@3.2.37":
  "integrity" "sha512-JPcd9kFyEdXLl/i0ClS7lwgcs0QpUAWj+SKX2ZC3ANKi1U4DOtiEr6cRqFXsPwY5u1L9fAjkinIdB8Rz3FoYNQ=="
  "resolved" "https://registry.npmjs.org/@vue/runtime-core/-/runtime-core-3.2.37.tgz"
  "version" "3.2.37"
  dependencies:
    "@vue/reactivity" "3.2.37"
    "@vue/shared" "3.2.37"

"@vue/runtime-dom@3.2.37":
  "integrity" "sha512-HimKdh9BepShW6YozwRKAYjYQWg9mQn63RGEiSswMbW+ssIht1MILYlVGkAGGQbkhSh31PCdoUcfiu4apXJoPw=="
  "resolved" "https://registry.npmjs.org/@vue/runtime-dom/-/runtime-dom-3.2.37.tgz"
  "version" "3.2.37"
  dependencies:
    "@vue/runtime-core" "3.2.37"
    "@vue/shared" "3.2.37"
    "csstype" "^2.6.8"

"@vue/server-renderer@3.2.37":
  "integrity" "sha512-kLITEJvaYgZQ2h47hIzPh2K3jG8c1zCVbp/o/bzQOyvzaKiCquKS7AaioPI28GNxIsE/zSx+EwWYsNxDCX95MA=="
  "resolved" "https://registry.npmjs.org/@vue/server-renderer/-/server-renderer-3.2.37.tgz"
  "version" "3.2.37"
  dependencies:
    "@vue/compiler-ssr" "3.2.37"
    "@vue/shared" "3.2.37"

"@vue/shared@3.2.37":
  "integrity" "sha512-4rSJemR2NQIo9Klm1vabqWjD8rs/ZaJSzMxkMNeJS6lHiUjjUeYFbooN19NgFjztubEKh3WlZUeOLVdbbUWHsw=="
  "resolved" "https://registry.npmjs.org/@vue/shared/-/shared-3.2.37.tgz"
  "version" "3.2.37"

"abortcontroller-polyfill@^1.1.9":
  "integrity" "sha512-zetDJxd89y3X99Kvo4qFx8GKlt6GsvN3UcRZHwU6iFA/0KiOmhkTVhe8oRoTBiTVPZu09x3vCra47+w8Yz1+2Q=="
  "resolved" "https://registry.npmjs.org/abortcontroller-polyfill/-/abortcontroller-polyfill-1.7.3.tgz"
  "version" "1.7.3"

"ansi-styles@^4.1.0":
  "integrity" "sha512-zbB9rCJAT1rbjiVDb2hqKFHNYLxgtk8NURxZ3IZwD3F6NtxbXZQCnnSi1Lkx+IDohdPlFp222wVALIheZJQSEg=="
  "resolved" "https://registry.npmjs.org/ansi-styles/-/ansi-styles-4.3.0.tgz"
  "version" "4.3.0"
  dependencies:
    "color-convert" "^2.0.1"

"base-x@^3.0.8":
  "integrity" "sha512-H7JU6iBHTal1gp56aKoaa//YUxEaAOUiydvrV/pILqIHXTtqxSkATOnDA2u+jZ/61sD+L/412+7kzXRtWukhpQ=="
  "resolved" "https://registry.npmjs.org/base-x/-/base-x-3.0.9.tgz"
  "version" "3.0.9"
  dependencies:
    "safe-buffer" "^5.0.1"

"bluebird@^3.7.2":
  "integrity" "sha512-XpNj6GDQzdfW+r2Wnn7xiSAd7TM3jzkxGXBGTtWKuSXv1xUV+azxAm8jdWZN06QTQk+2N2XB9jRDkvbmQmcRtg=="
  "resolved" "https://registry.npmjs.org/bluebird/-/bluebird-3.7.2.tgz"
  "version" "3.7.2"

"browserslist@^4.6.6", "browserslist@>= 4.21.0":
  "integrity" "sha512-898rgRXLAyRkM1GryrrBHGkqA5hlpkV5MhtZwg9QXeiyLUYs2k00Un05aX5l2/yJIOObYKOpS2JNo8nJDE7fWQ=="
  "resolved" "https://registry.npmjs.org/browserslist/-/browserslist-4.21.3.tgz"
  "version" "4.21.3"
  dependencies:
    "caniuse-lite" "^1.0.30001370"
    "electron-to-chromium" "^1.4.202"
    "node-releases" "^2.0.6"
    "update-browserslist-db" "^1.0.5"

"caniuse-lite@^1.0.30001370":
  "integrity" "sha512-pJYArGHrPp3TUqQzFYRmP/lwJlj8RCbVe3Gd3eJQkAV8SAC6b19XS9BjMvRdvaS8RMkaTN8ZhoHP6S1y8zzwEQ=="
  "resolved" "https://registry.npmjs.org/caniuse-lite/-/caniuse-lite-1.0.30001373.tgz"
  "version" "1.0.30001373"

"chalk@^4.1.0":
  "integrity" "sha512-oKnbhFyRIXpUuez8iBMmyEa4nbj4IOQyuhc/wy9kY7/WVPcwIO9VA668Pu8RkO7+0G76SLROeyw9CpQ061i4mA=="
  "resolved" "https://registry.npmjs.org/chalk/-/chalk-4.1.2.tgz"
  "version" "4.1.2"
  dependencies:
    "ansi-styles" "^4.1.0"
    "supports-color" "^7.1.0"

"chrome-trace-event@^1.0.2":
  "integrity" "sha512-p3KULyQg4S7NIHixdwbGX+nFHkoBiA4YQmyWtjb8XngSKV124nJmRysgAeujbUVb15vh+RvFUfCPqU7rXk+hZg=="
  "resolved" "https://registry.npmjs.org/chrome-trace-event/-/chrome-trace-event-1.0.3.tgz"
  "version" "1.0.3"

"clone@^2.1.1":
  "integrity" "sha512-3Pe/CF1Nn94hyhIYpjtiLhdCoEoz0DqQ+988E9gmeEdQZlojxnOb74wctFyuwWQHzqyf9X7C7MG8juUpqBJT8w=="
  "resolved" "https://registry.npmjs.org/clone/-/clone-2.1.2.tgz"
  "version" "2.1.2"

"color-convert@^2.0.1":
  "integrity" "sha512-RRECPsj7iu/xb5oKYcsFHSppFNnsj/52OVTRKb4zP5onXwVF3zVmmToNcOfGC+CRDpfK/U584fMg38ZHCaElKQ=="
  "resolved" "https://registry.npmjs.org/color-convert/-/color-convert-2.0.1.tgz"
  "version" "2.0.1"
  dependencies:
    "color-name" "~1.1.4"

"color-name@~1.1.4":
  "integrity" "sha512-dOy+3AuW3a2wNbZHIuMZpTcgjGuLU/uBL/ubcZF9OXbDo8ff4O8yVp5Bf0efS8uEoYo5q4Fx7dY9OgQGXgAsQA=="
  "resolved" "https://registry.npmjs.org/color-name/-/color-name-1.1.4.tgz"
  "version" "1.1.4"

"consolidate@^0.16.0":
  "integrity" "sha512-Nhl1wzCslqXYTJVDyJCu3ODohy9OfBMB5uD2BiBTzd7w+QY0lBzafkR8y8755yMYHAaMD4NuzbAw03/xzfw+eQ=="
  "resolved" "https://registry.npmjs.org/consolidate/-/consolidate-0.16.0.tgz"
  "version" "0.16.0"
  dependencies:
    "bluebird" "^3.7.2"

"csstype@^2.6.8":
  "integrity" "sha512-/WwNkdXfckNgw6S5R125rrW8ez139lBHWouiBvX8dfMFtcn6V81REDqnH7+CRpRipfYlyU1CmOnOxrmGcFOjeA=="
  "resolved" "https://registry.npmjs.org/csstype/-/csstype-2.6.20.tgz"
  "version" "2.6.20"

"detect-libc@^1.0.3":
  "integrity" "sha512-pGjwhsmsp4kL2RTz08wcOlGN83otlqHeD/Z5T8GXZB+/YcpQ/dgo+lbU8ZsGxV0HIvqqxo9l7mqYwyYMD9bKDg=="
  "resolved" "https://registry.npmjs.org/detect-libc/-/detect-libc-1.0.3.tgz"
  "version" "1.0.3"

"dotenv-expand@^5.1.0":
  "integrity" "sha512-YXQl1DSa4/PQyRfgrv6aoNjhasp/p4qs9FjJ4q4cQk+8m4r6k4ZSiEyytKG8f8W9gi8WsQtIObNmKd+tMzNTmA=="
  "resolved" "https://registry.npmjs.org/dotenv-expand/-/dotenv-expand-5.1.0.tgz"
  "version" "5.1.0"

"dotenv@^7.0.0":
  "integrity" "sha512-M3NhsLbV1i6HuGzBUH8vXrtxOk+tWmzWKDMbAVSUp3Zsjm7ywFeuwrUXhmhQyRK1q5B5GGy7hcXPbj3bnfZg2g=="
  "resolved" "https://registry.npmjs.org/dotenv/-/dotenv-7.0.0.tgz"
  "version" "7.0.0"

"electron-to-chromium@^1.4.202":
  "integrity" "sha512-kSiX4tuyZijV7Cz0MWVmGT8K2siqaOA4Z66K5dCttPPRh0HicOcOAEj1KlC8O8J1aOS/1M8rGofOzksLKaHWcQ=="
  "resolved" "https://registry.npmjs.org/electron-to-chromium/-/electron-to-chromium-1.4.210.tgz"
  "version" "1.4.210"

"escalade@^3.1.1":
  "integrity" "sha512-k0er2gUkLf8O0zKJiAhmkTnJlTvINGv7ygDNPbeIsX/TJjGJZHuh9B2UxbsaEkmlEo9MfhrSzmhIlhRlI2GXnw=="
  "resolved" "https://registry.npmjs.org/escalade/-/escalade-3.1.1.tgz"
  "version" "3.1.1"

"estree-walker@^2.0.2":
  "integrity" "sha512-Rfkk/Mp/DL7JVje3u18FxFujQlTNR2q6QfMSMB7AvCBx91NGj/ba3kCfza0f6dVDbw7YlRf/nDrn7pQrCCyQ/w=="
  "resolved" "https://registry.npmjs.org/estree-walker/-/estree-walker-2.0.2.tgz"
  "version" "2.0.2"

"has-flag@^4.0.0":
  "integrity" "sha512-EykJT/Q1KjTWctppgIAgfSO0tKVuZUjhgMr17kqTumMl6Afv3EISleU7qZUzoXDFTAHTDC4NOoG/ZxU3EvlMPQ=="
  "resolved" "https://registry.npmjs.org/has-flag/-/has-flag-4.0.0.tgz"
  "version" "4.0.0"

"json5@^2.2.0", "json5@^2.2.1":
  "integrity" "sha512-1hqLFMSrGHRHxav9q9gNjJ5EXznIxGVO09xQRrwplcS8qs28pZ8s8hupZAmqDwZUmVZ2Qb2jnyPOWcDH8m8dlA=="
  "resolved" "https://registry.npmjs.org/json5/-/json5-2.2.1.tgz"
  "version" "2.2.1"

"lmdb@2.5.2":
  "integrity" "sha512-V5V5Xa2Hp9i2XsbDALkBTeHXnBXh/lEmk9p22zdr7jtuOIY9TGhjK6vAvTpOOx9IKU4hJkRWZxn/HsvR1ELLtA=="
  "resolved" "https://registry.npmjs.org/lmdb/-/lmdb-2.5.2.tgz"
  "version" "2.5.2"
  dependencies:
    "msgpackr" "^1.5.4"
    "node-addon-api" "^4.3.0"
    "node-gyp-build-optional-packages" "5.0.3"
    "ordered-binary" "^1.2.4"
    "weak-lru-cache" "^1.2.2"
  optionalDependencies:
    "@lmdb/lmdb-darwin-arm64" "2.5.2"
    "@lmdb/lmdb-darwin-x64" "2.5.2"
    "@lmdb/lmdb-linux-arm" "2.5.2"
    "@lmdb/lmdb-linux-arm64" "2.5.2"
    "@lmdb/lmdb-linux-x64" "2.5.2"
    "@lmdb/lmdb-win32-x64" "2.5.2"

"magic-string@^0.25.7":
  "integrity" "sha512-RmF0AsMzgt25qzqqLc1+MbHmhdx0ojF2Fvs4XnOqz2ZOBXzzkEwc/dJQZCYHAn7v1jbVOjAZfK8msRn4BxO4VQ=="
  "resolved" "https://registry.npmjs.org/magic-string/-/magic-string-0.25.9.tgz"
  "version" "0.25.9"
  dependencies:
    "sourcemap-codec" "^1.4.8"

"msgpackr-extract@^2.0.2":
  "integrity" "sha512-cmrmERQFb19NX2JABOGtrKdHMyI6RUyceaPBQ2iRz9GnDkjBWFjNJC0jyyoOfZl2U/LZE3tQCCQc4dlRyA8mcA=="
  "resolved" "https://registry.npmjs.org/msgpackr-extract/-/msgpackr-extract-2.1.2.tgz"
  "version" "2.1.2"
  dependencies:
    "node-gyp-build-optional-packages" "5.0.3"
  optionalDependencies:
    "@msgpackr-extract/msgpackr-extract-darwin-arm64" "2.1.2"
    "@msgpackr-extract/msgpackr-extract-darwin-x64" "2.1.2"
    "@msgpackr-extract/msgpackr-extract-linux-arm" "2.1.2"
    "@msgpackr-extract/msgpackr-extract-linux-arm64" "2.1.2"
    "@msgpackr-extract/msgpackr-extract-linux-x64" "2.1.2"
    "@msgpackr-extract/msgpackr-extract-win32-x64" "2.1.2"

"msgpackr@^1.5.4":
  "integrity" "sha512-bqSQ0DYJbXbrJcrZFmMygUZmqQiDfI2ewFVWcrZY12w5XHWtPuW4WppDT/e63Uu311ajwkRRXSoF0uILroBeTA=="
  "resolved" "https://registry.npmjs.org/msgpackr/-/msgpackr-1.6.2.tgz"
  "version" "1.6.2"
  optionalDependencies:
    "msgpackr-extract" "^2.0.2"

"nanoid@^3.3.4":
  "integrity" "sha512-MqBkQh/OHTS2egovRtLk45wEyNXwF+cokD+1YPf9u5VfJiRdAiRwB2froX5Co9Rh20xs4siNPm8naNotSD6RBw=="
  "resolved" "https://registry.npmjs.org/nanoid/-/nanoid-3.3.4.tgz"
  "version" "3.3.4"

"node-addon-api@^3.2.1":
  "integrity" "sha512-mmcei9JghVNDYydghQmeDX8KoAm0FAiYyIcUt/N4nhyAipB17pllZQDOJD2fotxABnt4Mdz+dKTO7eftLg4d0A=="
  "resolved" "https://registry.npmjs.org/node-addon-api/-/node-addon-api-3.2.1.tgz"
  "version" "3.2.1"

"node-addon-api@^4.3.0":
  "integrity" "sha512-73sE9+3UaLYYFmDsFZnqCInzPyh3MqIwZO9cw58yIqAZhONrrabrYyYe3TuIqtIiOuTXVhsGau8hcrhhwSsDIQ=="
  "resolved" "https://registry.npmjs.org/node-addon-api/-/node-addon-api-4.3.0.tgz"
  "version" "4.3.0"

"node-gyp-build-optional-packages@5.0.3":
  "integrity" "sha512-k75jcVzk5wnnc/FMxsf4udAoTEUv2jY3ycfdSd3yWu6Cnd1oee6/CfZJApyscA4FJOmdoixWwiwOyf16RzD5JA=="
  "resolved" "https://registry.npmjs.org/node-gyp-build-optional-packages/-/node-gyp-build-optional-packages-5.0.3.tgz"
  "version" "5.0.3"

"node-gyp-build@^4.3.0":
  "integrity" "sha512-2iGbaQBV+ITgCz76ZEjmhUKAKVf7xfY1sRl4UiKQspfZMH2h06SyhNsnSVy50cwkFQDGLyif6m/6uFXHkOZ6rg=="
  "resolved" "https://registry.npmjs.org/node-gyp-build/-/node-gyp-build-4.5.0.tgz"
  "version" "4.5.0"

"node-releases@^2.0.6":
  "integrity" "sha512-PiVXnNuFm5+iYkLBNeq5211hvO38y63T0i2KKh2KnUs3RpzJ+JtODFjkD8yjLwnDkTYF1eKXheUwdssR+NRZdg=="
  "resolved" "https://registry.npmjs.org/node-releases/-/node-releases-2.0.6.tgz"
  "version" "2.0.6"

"nullthrows@^1.1.1":
  "integrity" "sha512-2vPPEi+Z7WqML2jZYddDIfy5Dqb0r2fze2zTxNNknZaFpVHU3mFB3R+DWeJWGVx0ecvttSGlJTI+WG+8Z4cDWw=="
  "resolved" "https://registry.npmjs.org/nullthrows/-/nullthrows-1.1.1.tgz"
  "version" "1.1.1"

"ordered-binary@^1.2.4":
  "integrity" "sha512-knIeYepTI6BDAzGxqFEDGtI/iGqs57H32CInAIxEvAHG46vk1Di0CEpyc1A7iY39B1mfik3g3KLYwOTNnnMHLA=="
  "resolved" "https://registry.npmjs.org/ordered-binary/-/ordered-binary-1.3.0.tgz"
  "version" "1.3.0"

"picocolors@^1.0.0":
  "integrity" "sha512-1fygroTLlHu66zi26VoTDv8yRgm0Fccecssto+MhsZ0D/DGW2sm8E8AjW7NU5VVTRt5GxbeZ5qBuJr+HyLYkjQ=="
  "resolved" "https://registry.npmjs.org/picocolors/-/picocolors-1.0.0.tgz"
  "version" "1.0.0"

"postcss@^8.1.10":
  "integrity" "sha512-E398TUmfAYFPBSdzgeieK2Y1+1cpdxJx8yXbK/m57nRhKSmk1GB2tO4lbLBtlkfPQTDKfe4Xqv1ASWPpayPEig=="
  "resolved" "https://registry.npmjs.org/postcss/-/postcss-8.4.14.tgz"
  "version" "8.4.14"
  dependencies:
    "nanoid" "^3.3.4"
    "picocolors" "^1.0.0"
    "source-map-js" "^1.0.2"

"safe-buffer@^5.0.1":
  "integrity" "sha512-rp3So07KcdmmKbGvgaNxQSJr7bGVSVk5S9Eq1F+ppbRo70+YeaDxkw5Dd8NPN+GD6bjnYm2VuPuCXmpuYvmCXQ=="
  "resolved" "https://registry.npmjs.org/safe-buffer/-/safe-buffer-5.2.1.tgz"
  "version" "5.2.1"

"semver@^5.7.1":
  "integrity" "sha512-sauaDf/PZdVgrLTNYHRtpXa1iRiKcaebiKQ1BJdpQlWH2lCvexQdX55snPFyK7QzpudqbCI0qXFfOasHdyNDGQ=="
  "resolved" "https://registry.npmjs.org/semver/-/semver-5.7.1.tgz"
  "version" "5.7.1"

"source-map-js@^1.0.2":
  "integrity" "sha512-R0XvVJ9WusLiqTCEiGCmICCMplcCkIwwR11mOSD9CR5u+IXYdiseeEuXCVAjS54zqwkLcPNnmU4OeJ6tUrWhDw=="
  "resolved" "https://registry.npmjs.org/source-map-js/-/source-map-js-1.0.2.tgz"
  "version" "1.0.2"

"source-map@^0.6.1":
  "integrity" "sha512-UjgapumWlbMhkBgzT7Ykc5YXUT46F0iKu8SGXq0bcwP5dz/h0Plj6enJqjz1Zbq2l5WaqYnrVbwWOWMyF3F47g=="
  "resolved" "https://registry.npmjs.org/source-map/-/source-map-0.6.1.tgz"
  "version" "0.6.1"

"sourcemap-codec@^1.4.8":
  "integrity" "sha512-9NykojV5Uih4lgo5So5dtw+f0JgJX30KCNI8gwhz2J9A15wD0Ml6tjHKwf6fTSa6fAdVBdZeNOs9eJ71qCk8vA=="
  "resolved" "https://registry.npmjs.org/sourcemap-codec/-/sourcemap-codec-1.4.8.tgz"
  "version" "1.4.8"

"supports-color@^7.1.0":
  "integrity" "sha512-qpCAvRl9stuOHveKsn7HncJRvv501qIacKzQlO/+Lwxc9+0q2wLyv4Dfvt80/DPn2pqOBsJdDiogXGR9+OvwRw=="
  "resolved" "https://registry.npmjs.org/supports-color/-/supports-color-7.2.0.tgz"
  "version" "7.2.0"
  dependencies:
    "has-flag" "^4.0.0"

"update-browserslist-db@^1.0.5":
  "integrity" "sha512-dteFFpCyvuDdr9S/ff1ISkKt/9YZxKjI9WlRR99c180GaztJtRa/fn18FdxGVKVsnPY7/a/FDN68mcvUmP4U7Q=="
  "resolved" "https://registry.npmjs.org/update-browserslist-db/-/update-browserslist-db-1.0.5.tgz"
  "version" "1.0.5"
  dependencies:
    "escalade" "^3.1.1"
    "picocolors" "^1.0.0"

"utility-types@^3.10.0":
  "integrity" "sha512-O11mqxmi7wMKCo6HKFt5AhO4BwY3VV68YU07tgxfz8zJTIxr4BpsezN49Ffwy9j3ZpwwJp4fkRwjRzq3uWE6Rg=="
  "resolved" "https://registry.npmjs.org/utility-types/-/utility-types-3.10.0.tgz"
  "version" "3.10.0"

"vue-router@^4.1.3":
  "integrity" "sha512-XvK81bcYglKiayT7/vYAg/f36ExPC4t90R/HIpzrZ5x+17BOWptXLCrEPufGgZeuq68ww4ekSIMBZY1qdUdfjA=="
  "resolved" "https://registry.npmjs.org/vue-router/-/vue-router-4.1.3.tgz"
  "version" "4.1.3"
  dependencies:
    "@vue/devtools-api" "^6.1.4"

"vue@^3.2.0", "vue@^3.2.37", "vue@3.2.37":
  "integrity" "sha512-bOKEZxrm8Eh+fveCqS1/NkG/n6aMidsI6hahas7pa0w/l7jkbssJVsRhVDs07IdDq7h9KHswZOgItnwJAgtVtQ=="
  "resolved" "https://registry.npmjs.org/vue/-/vue-3.2.37.tgz"
  "version" "3.2.37"
  dependencies:
    "@vue/compiler-dom" "3.2.37"
    "@vue/compiler-sfc" "3.2.37"
    "@vue/runtime-dom" "3.2.37"
    "@vue/server-renderer" "3.2.37"
    "@vue/shared" "3.2.37"

"weak-lru-cache@^1.2.2":
  "integrity" "sha512-DEAoo25RfSYMuTGc9vPJzZcZullwIqRDSI9LOy+fkCJPi6hykCnfKaXTuPBDuXAUcqHXyOgFtHNp/kB2FjYHbw=="
  "resolved" "https://registry.npmjs.org/weak-lru-cache/-/weak-lru-cache-1.2.2.tgz"
  "version" "1.2.2"

"xxhash-wasm@^0.4.2":
  "integrity" "sha512-/eyHVRJQCirEkSZ1agRSCwriMhwlyUcFkXD5TPVSLP+IPzjsqMVzZwdoczLp1SoQU0R3dxz1RpIK+4YNQbCVOA=="
  "resolved" "https://registry.npmjs.org/xxhash-wasm/-/xxhash-wasm-0.4.2.tgz"
  "version" "0.4.2"
